
Microsoft Visual Studio Solution File, Format Version 12.00
# Visual Studio Version 17
VisualStudioVersion = 17.1.32421.90
MinimumVisualStudioVersion = 10.0.40219.1
Project("{FAE04EC0-301F-11D3-BF4B-00C04F79EFBC}") = "Template for ASP.NET + entity framework", "Template for ASP.NET + entity framework.csproj", "{75BE5976-AB2E-4EDA-BA28-DBF381375AA2}"
EndProject
Global
	GlobalSection(SolutionConfigurationPlatforms) = preSolution
		Debug|Any CPU = Debug|Any CPU
		Release|Any CPU = Release|Any CPU
	EndGlobalSection
	GlobalSection(ProjectConfigurationPlatforms) = postSolution
		{75BE5976-AB2E-4EDA-BA28-DBF381375AA2}.Debug|Any CPU.ActiveCfg = Debug|Any CPU
		{75BE5976-AB2E-4EDA-BA28-DBF381375AA2}.Debug|Any CPU.Build.0 = Debug|Any CPU
		{75BE5976-AB2E-4EDA-BA28-DBF381375AA2}.Release|Any CPU.ActiveCfg = Release|Any CPU
		{75BE5976-AB2E-4EDA-BA28-DBF381375AA2}.Release|Any CPU.Build.0 = Release|Any CPU
	EndGlobalSection
	GlobalSection(SolutionProperties) = preSolution
		HideSolutionNode = FALSE
	EndGlobalSection
	GlobalSection(ExtensibilityGlobals) = postSolution
		SolutionGuid = {81B3DA84-B01E-444C-9456-41B763ED6182}
	EndGlobalSection
EndGlobal
